
Microsoft Visual Studio Solution File, Format Version 11.00
# Visual Studio 2010
Project("{2150E333-8FDC-42A3-9474-1A3956D46DE8}") = "Math", "Math", "{B2054B82-1233-462B-85A8-CE25025544DB}"
EndProject
Project("{2150E333-8FDC-42A3-9474-1A3956D46DE8}") = "String Manipulations", "String Manipulations", "{3A66125A-E36F-4280-8F8B-79C5227892FF}"
EndProject
Project("{2150E333-8FDC-42A3-9474-1A3956D46DE8}") = "Weather", "Weather", "{F392FAC8-F470-47AA-9408-9A8CA7E6BCD0}"
EndProject
Project("{2150E333-8FDC-42A3-9474-1A3956D46DE8}") = "DateTime", "DateTime", "{DBED9FB7-4880-4B9D-B779-DFB1091AFE0E}"
EndProject
Project("{2150E333-8FDC-42A3-9474-1A3956D46DE8}") = "Money", "Money", "{AB4A795F-8DBB-4E0E-B2D5-38DF7610303D}"
EndProject
Project("{2150E333-8FDC-42A3-9474-1A3956D46DE8}") = "ComputerScience", "ComputerScience", "{2FEA89D3-0F93-42D1-9139-F64841CD49B3}"
EndProject
Project("{2150E333-8FDC-42A3-9474-1A3956D46DE8}") = "Misc", "Misc", "{259C686A-B60E-45E5-9EA2-D43A64970D75}"
EndProject
Project("{00D1A9C2-B5F0-4AF3-8072-F6C62B433612}") = "BitCount", "ComputerScience\BitCount\BitCount.sqlproj", "{EDD2C433-88E9-413B-B94C-BA1DEE07BC48}"
EndProject
Project("{00D1A9C2-B5F0-4AF3-8072-F6C62B433612}") = "Path", "ComputerScience\Path\Path.sqlproj", "{F821C08A-C99B-44BF-B914-EC7D723D63F5}"
EndProject
Project("{00D1A9C2-B5F0-4AF3-8072-F6C62B433612}") = "CSharpDateTimeFunctions", "DateTime\CSharpDateTimeFunctions\CSharpDateTimeFunctions.sqlproj", "{AA1ACD28-2961-4A3F-BDB7-4D4DE6BDE3D9}"
EndProject
Project("{00D1A9C2-B5F0-4AF3-8072-F6C62B433612}") = "CSharpMathFunctions", "Math\CSharpMathFunctions\CSharpMathFunctions.sqlproj", "{DE21F100-B3E1-45A1-9E54-4E3AB373E691}"
EndProject
Project("{00D1A9C2-B5F0-4AF3-8072-F6C62B433612}") = "GeometricMean", "Math\GeometricMean\GeometricMean.sqlproj", "{E438B04C-354E-4784-A7C1-7AE8222362A8}"
EndProject
Project("{00D1A9C2-B5F0-4AF3-8072-F6C62B433612}") = "Geometry", "Math\Geometry\Geometry.sqlproj", "{97A9F610-CBBE-4C2F-A0EA-21F3F79D656B}"
EndProject
Project("{00D1A9C2-B5F0-4AF3-8072-F6C62B433612}") = "Median", "Math\Median\Median.sqlproj", "{F10FD9A7-15F8-4707-BC9E-8D4793C1EA78}"
EndProject
Project("{00D1A9C2-B5F0-4AF3-8072-F6C62B433612}") = "Point", "Math\Point\Point.sqlproj", "{8BBE5C74-92F0-46B6-8D2C-3E869B78AF69}"
EndProject
Project("{00D1A9C2-B5F0-4AF3-8072-F6C62B433612}") = "HelloWorld", "Misc\HelloWorld\HelloWorld.sqlproj", "{1DFBC954-CD61-4E8D-9E94-2A372A031F6A}"
EndProject
Project("{00D1A9C2-B5F0-4AF3-8072-F6C62B433612}") = "UserNameAudit", "Misc\UserNameAudit\UserNameAudit.sqlproj", "{52734A74-E73B-498F-951E-36C801B82B0D}"
EndProject
Project("{00D1A9C2-B5F0-4AF3-8072-F6C62B433612}") = "SalesAudit", "Misc\SalesAudit\SalesAudit.sqlproj", "{0193BC35-9992-4995-9072-5D6ABD7E228C}"
EndProject
Project("{00D1A9C2-B5F0-4AF3-8072-F6C62B433612}") = "addTax", "Money\addTax\addTax.sqlproj", "{FA168320-1550-4F0A-8902-DB3E9CCA1908}"
EndProject
Project("{00D1A9C2-B5F0-4AF3-8072-F6C62B433612}") = "InsertCurrency_CS", "Money\InsertCurrency_CS\InsertCurrency_CS.sqlproj", "{B1D1F06A-4E95-4C27-B72E-DE8529C48E13}"
EndProject
Project("{00D1A9C2-B5F0-4AF3-8072-F6C62B433612}") = "BarCodeParser", "StringManipulation\BarCodeParser\BarCodeParser.sqlproj", "{3C347FEE-FF8C-41BB-ADDF-7B9504AC5061}"
EndProject
Project("{00D1A9C2-B5F0-4AF3-8072-F6C62B433612}") = "SplitString", "StringManipulation\SplitString\SplitString.sqlproj", "{9D98B9C4-72B4-4609-9BF8-E27097DE1BCB}"
EndProject
Project("{FAE04EC0-301F-11D3-BF4B-00C04F79EFBC}") = "TestBarCodeParser", "StringManipulation\TestBarCodeParser\TestBarCodeParser.csproj", "{819E46FA-34B9-4587-ABFA-48EAD6556104}"
EndProject
Project("{00D1A9C2-B5F0-4AF3-8072-F6C62B433612}") = "VowelCount", "StringManipulation\VowelCount\VowelCount.sqlproj", "{4B64074F-F4B0-4FA4-B57E-8AAE1C95B1CD}"
EndProject
Project("{00D1A9C2-B5F0-4AF3-8072-F6C62B433612}") = "WeatherCalculations", "Weather\WeatherCalculations\WeatherCalculations.sqlproj", "{1ED00FA9-4572-472E-A042-28CE61869336}"
EndProject
Project("{2150E333-8FDC-42A3-9474-1A3956D46DE8}") = "ProjectEuler", "ProjectEuler", "{E89CF8D2-B65A-48A0-A68D-489EA0FA013D}"
EndProject
Global
	GlobalSection(SolutionConfigurationPlatforms) = preSolution
		Debug|Any CPU = Debug|Any CPU
		Debug|Mixed Platforms = Debug|Mixed Platforms
		Debug|x86 = Debug|x86
		Release|Any CPU = Release|Any CPU
		Release|Mixed Platforms = Release|Mixed Platforms
		Release|x86 = Release|x86
	EndGlobalSection
	GlobalSection(ProjectConfigurationPlatforms) = postSolution
		{EDD2C433-88E9-413B-B94C-BA1DEE07BC48}.Debug|Any CPU.ActiveCfg = Debug|Any CPU
		{EDD2C433-88E9-413B-B94C-BA1DEE07BC48}.Debug|Any CPU.Build.0 = Debug|Any CPU
		{EDD2C433-88E9-413B-B94C-BA1DEE07BC48}.Debug|Any CPU.Deploy.0 = Debug|Any CPU
		{EDD2C433-88E9-413B-B94C-BA1DEE07BC48}.Debug|Mixed Platforms.ActiveCfg = Debug|Any CPU
		{EDD2C433-88E9-413B-B94C-BA1DEE07BC48}.Debug|Mixed Platforms.Build.0 = Debug|Any CPU
		{EDD2C433-88E9-413B-B94C-BA1DEE07BC48}.Debug|Mixed Platforms.Deploy.0 = Debug|Any CPU
		{EDD2C433-88E9-413B-B94C-BA1DEE07BC48}.Debug|x86.ActiveCfg = Debug|Any CPU
		{EDD2C433-88E9-413B-B94C-BA1DEE07BC48}.Release|Any CPU.ActiveCfg = Release|Any CPU
		{EDD2C433-88E9-413B-B94C-BA1DEE07BC48}.Release|Any CPU.Build.0 = Release|Any CPU
		{EDD2C433-88E9-413B-B94C-BA1DEE07BC48}.Release|Any CPU.Deploy.0 = Release|Any CPU
		{EDD2C433-88E9-413B-B94C-BA1DEE07BC48}.Release|Mixed Platforms.ActiveCfg = Release|Any CPU
		{EDD2C433-88E9-413B-B94C-BA1DEE07BC48}.Release|Mixed Platforms.Build.0 = Release|Any CPU
		{EDD2C433-88E9-413B-B94C-BA1DEE07BC48}.Release|Mixed Platforms.Deploy.0 = Release|Any CPU
		{EDD2C433-88E9-413B-B94C-BA1DEE07BC48}.Release|x86.ActiveCfg = Release|Any CPU
		{F821C08A-C99B-44BF-B914-EC7D723D63F5}.Debug|Any CPU.ActiveCfg = Debug|Any CPU
		{F821C08A-C99B-44BF-B914-EC7D723D63F5}.Debug|Any CPU.Build.0 = Debug|Any CPU
		{F821C08A-C99B-44BF-B914-EC7D723D63F5}.Debug|Any CPU.Deploy.0 = Debug|Any CPU
		{F821C08A-C99B-44BF-B914-EC7D723D63F5}.Debug|Mixed Platforms.ActiveCfg = Debug|Any CPU
		{F821C08A-C99B-44BF-B914-EC7D723D63F5}.Debug|Mixed Platforms.Build.0 = Debug|Any CPU
		{F821C08A-C99B-44BF-B914-EC7D723D63F5}.Debug|Mixed Platforms.Deploy.0 = Debug|Any CPU
		{F821C08A-C99B-44BF-B914-EC7D723D63F5}.Debug|x86.ActiveCfg = Debug|Any CPU
		{F821C08A-C99B-44BF-B914-EC7D723D63F5}.Release|Any CPU.ActiveCfg = Release|Any CPU
		{F821C08A-C99B-44BF-B914-EC7D723D63F5}.Release|Any CPU.Build.0 = Release|Any CPU
		{F821C08A-C99B-44BF-B914-EC7D723D63F5}.Release|Any CPU.Deploy.0 = Release|Any CPU
		{F821C08A-C99B-44BF-B914-EC7D723D63F5}.Release|Mixed Platforms.ActiveCfg = Release|Any CPU
		{F821C08A-C99B-44BF-B914-EC7D723D63F5}.Release|Mixed Platforms.Build.0 = Release|Any CPU
		{F821C08A-C99B-44BF-B914-EC7D723D63F5}.Release|Mixed Platforms.Deploy.0 = Release|Any CPU
		{F821C08A-C99B-44BF-B914-EC7D723D63F5}.Release|x86.ActiveCfg = Release|Any CPU
		{AA1ACD28-2961-4A3F-BDB7-4D4DE6BDE3D9}.Debug|Any CPU.ActiveCfg = Debug|Any CPU
		{AA1ACD28-2961-4A3F-BDB7-4D4DE6BDE3D9}.Debug|Any CPU.Build.0 = Debug|Any CPU
		{AA1ACD28-2961-4A3F-BDB7-4D4DE6BDE3D9}.Debug|Any CPU.Deploy.0 = Debug|Any CPU
		{AA1ACD28-2961-4A3F-BDB7-4D4DE6BDE3D9}.Debug|Mixed Platforms.ActiveCfg = Debug|Any CPU
		{AA1ACD28-2961-4A3F-BDB7-4D4DE6BDE3D9}.Debug|Mixed Platforms.Build.0 = Debug|Any CPU
		{AA1ACD28-2961-4A3F-BDB7-4D4DE6BDE3D9}.Debug|Mixed Platforms.Deploy.0 = Debug|Any CPU
		{AA1ACD28-2961-4A3F-BDB7-4D4DE6BDE3D9}.Debug|x86.ActiveCfg = Debug|Any CPU
		{AA1ACD28-2961-4A3F-BDB7-4D4DE6BDE3D9}.Release|Any CPU.ActiveCfg = Release|Any CPU
		{AA1ACD28-2961-4A3F-BDB7-4D4DE6BDE3D9}.Release|Any CPU.Build.0 = Release|Any CPU
		{AA1ACD28-2961-4A3F-BDB7-4D4DE6BDE3D9}.Release|Any CPU.Deploy.0 = Release|Any CPU
		{AA1ACD28-2961-4A3F-BDB7-4D4DE6BDE3D9}.Release|Mixed Platforms.ActiveCfg = Release|Any CPU
		{AA1ACD28-2961-4A3F-BDB7-4D4DE6BDE3D9}.Release|Mixed Platforms.Build.0 = Release|Any CPU
		{AA1ACD28-2961-4A3F-BDB7-4D4DE6BDE3D9}.Release|Mixed Platforms.Deploy.0 = Release|Any CPU
		{AA1ACD28-2961-4A3F-BDB7-4D4DE6BDE3D9}.Release|x86.ActiveCfg = Release|Any CPU
		{DE21F100-B3E1-45A1-9E54-4E3AB373E691}.Debug|Any CPU.ActiveCfg = Debug|Any CPU
		{DE21F100-B3E1-45A1-9E54-4E3AB373E691}.Debug|Any CPU.Build.0 = Debug|Any CPU
		{DE21F100-B3E1-45A1-9E54-4E3AB373E691}.Debug|Any CPU.Deploy.0 = Debug|Any CPU
		{DE21F100-B3E1-45A1-9E54-4E3AB373E691}.Debug|Mixed Platforms.ActiveCfg = Debug|Any CPU
		{DE21F100-B3E1-45A1-9E54-4E3AB373E691}.Debug|Mixed Platforms.Build.0 = Debug|Any CPU
		{DE21F100-B3E1-45A1-9E54-4E3AB373E691}.Debug|Mixed Platforms.Deploy.0 = Debug|Any CPU
		{DE21F100-B3E1-45A1-9E54-4E3AB373E691}.Debug|x86.ActiveCfg = Debug|Any CPU
		{DE21F100-B3E1-45A1-9E54-4E3AB373E691}.Release|Any CPU.ActiveCfg = Release|Any CPU
		{DE21F100-B3E1-45A1-9E54-4E3AB373E691}.Release|Any CPU.Build.0 = Release|Any CPU
		{DE21F100-B3E1-45A1-9E54-4E3AB373E691}.Release|Any CPU.Deploy.0 = Release|Any CPU
		{DE21F100-B3E1-45A1-9E54-4E3AB373E691}.Release|Mixed Platforms.ActiveCfg = Release|Any CPU
		{DE21F100-B3E1-45A1-9E54-4E3AB373E691}.Release|Mixed Platforms.Build.0 = Release|Any CPU
		{DE21F100-B3E1-45A1-9E54-4E3AB373E691}.Release|Mixed Platforms.Deploy.0 = Release|Any CPU
		{DE21F100-B3E1-45A1-9E54-4E3AB373E691}.Release|x86.ActiveCfg = Release|Any CPU
		{E438B04C-354E-4784-A7C1-7AE8222362A8}.Debug|Any CPU.ActiveCfg = Debug|Any CPU
		{E438B04C-354E-4784-A7C1-7AE8222362A8}.Debug|Any CPU.Build.0 = Debug|Any CPU
		{E438B04C-354E-4784-A7C1-7AE8222362A8}.Debug|Any CPU.Deploy.0 = Debug|Any CPU
		{E438B04C-354E-4784-A7C1-7AE8222362A8}.Debug|Mixed Platforms.ActiveCfg = Debug|Any CPU
		{E438B04C-354E-4784-A7C1-7AE8222362A8}.Debug|Mixed Platforms.Build.0 = Debug|Any CPU
		{E438B04C-354E-4784-A7C1-7AE8222362A8}.Debug|Mixed Platforms.Deploy.0 = Debug|Any CPU
		{E438B04C-354E-4784-A7C1-7AE8222362A8}.Debug|x86.ActiveCfg = Debug|Any CPU
		{E438B04C-354E-4784-A7C1-7AE8222362A8}.Release|Any CPU.ActiveCfg = Release|Any CPU
		{E438B04C-354E-4784-A7C1-7AE8222362A8}.Release|Any CPU.Build.0 = Release|Any CPU
		{E438B04C-354E-4784-A7C1-7AE8222362A8}.Release|Any CPU.Deploy.0 = Release|Any CPU
		{E438B04C-354E-4784-A7C1-7AE8222362A8}.Release|Mixed Platforms.ActiveCfg = Release|Any CPU
		{E438B04C-354E-4784-A7C1-7AE8222362A8}.Release|Mixed Platforms.Build.0 = Release|Any CPU
		{E438B04C-354E-4784-A7C1-7AE8222362A8}.Release|Mixed Platforms.Deploy.0 = Release|Any CPU
		{E438B04C-354E-4784-A7C1-7AE8222362A8}.Release|x86.ActiveCfg = Release|Any CPU
		{97A9F610-CBBE-4C2F-A0EA-21F3F79D656B}.Debug|Any CPU.ActiveCfg = Debug|Any CPU
		{97A9F610-CBBE-4C2F-A0EA-21F3F79D656B}.Debug|Any CPU.Build.0 = Debug|Any CPU
		{97A9F610-CBBE-4C2F-A0EA-21F3F79D656B}.Debug|Any CPU.Deploy.0 = Debug|Any CPU
		{97A9F610-CBBE-4C2F-A0EA-21F3F79D656B}.Debug|Mixed Platforms.ActiveCfg = Debug|Any CPU
		{97A9F610-CBBE-4C2F-A0EA-21F3F79D656B}.Debug|Mixed Platforms.Build.0 = Debug|Any CPU
		{97A9F610-CBBE-4C2F-A0EA-21F3F79D656B}.Debug|Mixed Platforms.Deploy.0 = Debug|Any CPU
		{97A9F610-CBBE-4C2F-A0EA-21F3F79D656B}.Debug|x86.ActiveCfg = Debug|Any CPU
		{97A9F610-CBBE-4C2F-A0EA-21F3F79D656B}.Release|Any CPU.ActiveCfg = Release|Any CPU
		{97A9F610-CBBE-4C2F-A0EA-21F3F79D656B}.Release|Any CPU.Build.0 = Release|Any CPU
		{97A9F610-CBBE-4C2F-A0EA-21F3F79D656B}.Release|Any CPU.Deploy.0 = Release|Any CPU
		{97A9F610-CBBE-4C2F-A0EA-21F3F79D656B}.Release|Mixed Platforms.ActiveCfg = Release|Any CPU
		{97A9F610-CBBE-4C2F-A0EA-21F3F79D656B}.Release|Mixed Platforms.Build.0 = Release|Any CPU
		{97A9F610-CBBE-4C2F-A0EA-21F3F79D656B}.Release|Mixed Platforms.Deploy.0 = Release|Any CPU
		{97A9F610-CBBE-4C2F-A0EA-21F3F79D656B}.Release|x86.ActiveCfg = Release|Any CPU
		{F10FD9A7-15F8-4707-BC9E-8D4793C1EA78}.Debug|Any CPU.ActiveCfg = Debug|Any CPU
		{F10FD9A7-15F8-4707-BC9E-8D4793C1EA78}.Debug|Any CPU.Build.0 = Debug|Any CPU
		{F10FD9A7-15F8-4707-BC9E-8D4793C1EA78}.Debug|Any CPU.Deploy.0 = Debug|Any CPU
		{F10FD9A7-15F8-4707-BC9E-8D4793C1EA78}.Debug|Mixed Platforms.ActiveCfg = Debug|Any CPU
		{F10FD9A7-15F8-4707-BC9E-8D4793C1EA78}.Debug|Mixed Platforms.Build.0 = Debug|Any CPU
		{F10FD9A7-15F8-4707-BC9E-8D4793C1EA78}.Debug|Mixed Platforms.Deploy.0 = Debug|Any CPU
		{F10FD9A7-15F8-4707-BC9E-8D4793C1EA78}.Debug|x86.ActiveCfg = Debug|Any CPU
		{F10FD9A7-15F8-4707-BC9E-8D4793C1EA78}.Release|Any CPU.ActiveCfg = Release|Any CPU
		{F10FD9A7-15F8-4707-BC9E-8D4793C1EA78}.Release|Any CPU.Build.0 = Release|Any CPU
		{F10FD9A7-15F8-4707-BC9E-8D4793C1EA78}.Release|Any CPU.Deploy.0 = Release|Any CPU
		{F10FD9A7-15F8-4707-BC9E-8D4793C1EA78}.Release|Mixed Platforms.ActiveCfg = Release|Any CPU
		{F10FD9A7-15F8-4707-BC9E-8D4793C1EA78}.Release|Mixed Platforms.Build.0 = Release|Any CPU
		{F10FD9A7-15F8-4707-BC9E-8D4793C1EA78}.Release|Mixed Platforms.Deploy.0 = Release|Any CPU
		{F10FD9A7-15F8-4707-BC9E-8D4793C1EA78}.Release|x86.ActiveCfg = Release|Any CPU
		{8BBE5C74-92F0-46B6-8D2C-3E869B78AF69}.Debug|Any CPU.ActiveCfg = Debug|Any CPU
		{8BBE5C74-92F0-46B6-8D2C-3E869B78AF69}.Debug|Any CPU.Build.0 = Debug|Any CPU
		{8BBE5C74-92F0-46B6-8D2C-3E869B78AF69}.Debug|Any CPU.Deploy.0 = Debug|Any CPU
		{8BBE5C74-92F0-46B6-8D2C-3E869B78AF69}.Debug|Mixed Platforms.ActiveCfg = Debug|Any CPU
		{8BBE5C74-92F0-46B6-8D2C-3E869B78AF69}.Debug|Mixed Platforms.Build.0 = Debug|Any CPU
		{8BBE5C74-92F0-46B6-8D2C-3E869B78AF69}.Debug|Mixed Platforms.Deploy.0 = Debug|Any CPU
		{8BBE5C74-92F0-46B6-8D2C-3E869B78AF69}.Debug|x86.ActiveCfg = Debug|Any CPU
		{8BBE5C74-92F0-46B6-8D2C-3E869B78AF69}.Release|Any CPU.ActiveCfg = Release|Any CPU
		{8BBE5C74-92F0-46B6-8D2C-3E869B78AF69}.Release|Any CPU.Build.0 = Release|Any CPU
		{8BBE5C74-92F0-46B6-8D2C-3E869B78AF69}.Release|Any CPU.Deploy.0 = Release|Any CPU
		{8BBE5C74-92F0-46B6-8D2C-3E869B78AF69}.Release|Mixed Platforms.ActiveCfg = Release|Any CPU
		{8BBE5C74-92F0-46B6-8D2C-3E869B78AF69}.Release|Mixed Platforms.Build.0 = Release|Any CPU
		{8BBE5C74-92F0-46B6-8D2C-3E869B78AF69}.Release|Mixed Platforms.Deploy.0 = Release|Any CPU
		{8BBE5C74-92F0-46B6-8D2C-3E869B78AF69}.Release|x86.ActiveCfg = Release|Any CPU
		{1DFBC954-CD61-4E8D-9E94-2A372A031F6A}.Debug|Any CPU.ActiveCfg = Debug|Any CPU
		{1DFBC954-CD61-4E8D-9E94-2A372A031F6A}.Debug|Any CPU.Build.0 = Debug|Any CPU
		{1DFBC954-CD61-4E8D-9E94-2A372A031F6A}.Debug|Any CPU.Deploy.0 = Debug|Any CPU
		{1DFBC954-CD61-4E8D-9E94-2A372A031F6A}.Debug|Mixed Platforms.ActiveCfg = Debug|Any CPU
		{1DFBC954-CD61-4E8D-9E94-2A372A031F6A}.Debug|Mixed Platforms.Build.0 = Debug|Any CPU
		{1DFBC954-CD61-4E8D-9E94-2A372A031F6A}.Debug|Mixed Platforms.Deploy.0 = Debug|Any CPU
		{1DFBC954-CD61-4E8D-9E94-2A372A031F6A}.Debug|x86.ActiveCfg = Debug|Any CPU
		{1DFBC954-CD61-4E8D-9E94-2A372A031F6A}.Release|Any CPU.ActiveCfg = Release|Any CPU
		{1DFBC954-CD61-4E8D-9E94-2A372A031F6A}.Release|Any CPU.Build.0 = Release|Any CPU
		{1DFBC954-CD61-4E8D-9E94-2A372A031F6A}.Release|Any CPU.Deploy.0 = Release|Any CPU
		{1DFBC954-CD61-4E8D-9E94-2A372A031F6A}.Release|Mixed Platforms.ActiveCfg = Release|Any CPU
		{1DFBC954-CD61-4E8D-9E94-2A372A031F6A}.Release|Mixed Platforms.Build.0 = Release|Any CPU
		{1DFBC954-CD61-4E8D-9E94-2A372A031F6A}.Release|Mixed Platforms.Deploy.0 = Release|Any CPU
		{1DFBC954-CD61-4E8D-9E94-2A372A031F6A}.Release|x86.ActiveCfg = Release|Any CPU
		{52734A74-E73B-498F-951E-36C801B82B0D}.Debug|Any CPU.ActiveCfg = Debug|Any CPU
		{52734A74-E73B-498F-951E-36C801B82B0D}.Debug|Any CPU.Build.0 = Debug|Any CPU
		{52734A74-E73B-498F-951E-36C801B82B0D}.Debug|Any CPU.Deploy.0 = Debug|Any CPU
		{52734A74-E73B-498F-951E-36C801B82B0D}.Debug|Mixed Platforms.ActiveCfg = Debug|Any CPU
		{52734A74-E73B-498F-951E-36C801B82B0D}.Debug|Mixed Platforms.Build.0 = Debug|Any CPU
		{52734A74-E73B-498F-951E-36C801B82B0D}.Debug|Mixed Platforms.Deploy.0 = Debug|Any CPU
		{52734A74-E73B-498F-951E-36C801B82B0D}.Debug|x86.ActiveCfg = Debug|Any CPU
		{52734A74-E73B-498F-951E-36C801B82B0D}.Release|Any CPU.ActiveCfg = Release|Any CPU
		{52734A74-E73B-498F-951E-36C801B82B0D}.Release|Any CPU.Build.0 = Release|Any CPU
		{52734A74-E73B-498F-951E-36C801B82B0D}.Release|Any CPU.Deploy.0 = Release|Any CPU
		{52734A74-E73B-498F-951E-36C801B82B0D}.Release|Mixed Platforms.ActiveCfg = Release|Any CPU
		{52734A74-E73B-498F-951E-36C801B82B0D}.Release|Mixed Platforms.Build.0 = Release|Any CPU
		{52734A74-E73B-498F-951E-36C801B82B0D}.Release|Mixed Platforms.Deploy.0 = Release|Any CPU
		{52734A74-E73B-498F-951E-36C801B82B0D}.Release|x86.ActiveCfg = Release|Any CPU
		{0193BC35-9992-4995-9072-5D6ABD7E228C}.Debug|Any CPU.ActiveCfg = Debug|Any CPU
		{0193BC35-9992-4995-9072-5D6ABD7E228C}.Debug|Any CPU.Build.0 = Debug|Any CPU
		{0193BC35-9992-4995-9072-5D6ABD7E228C}.Debug|Any CPU.Deploy.0 = Debug|Any CPU
		{0193BC35-9992-4995-9072-5D6ABD7E228C}.Debug|Mixed Platforms.ActiveCfg = Debug|Any CPU
		{0193BC35-9992-4995-9072-5D6ABD7E228C}.Debug|Mixed Platforms.Build.0 = Debug|Any CPU
		{0193BC35-9992-4995-9072-5D6ABD7E228C}.Debug|Mixed Platforms.Deploy.0 = Debug|Any CPU
		{0193BC35-9992-4995-9072-5D6ABD7E228C}.Debug|x86.ActiveCfg = Debug|Any CPU
		{0193BC35-9992-4995-9072-5D6ABD7E228C}.Release|Any CPU.ActiveCfg = Release|Any CPU
		{0193BC35-9992-4995-9072-5D6ABD7E228C}.Release|Any CPU.Build.0 = Release|Any CPU
		{0193BC35-9992-4995-9072-5D6ABD7E228C}.Release|Any CPU.Deploy.0 = Release|Any CPU
		{0193BC35-9992-4995-9072-5D6ABD7E228C}.Release|Mixed Platforms.ActiveCfg = Release|Any CPU
		{0193BC35-9992-4995-9072-5D6ABD7E228C}.Release|Mixed Platforms.Build.0 = Release|Any CPU
		{0193BC35-9992-4995-9072-5D6ABD7E228C}.Release|Mixed Platforms.Deploy.0 = Release|Any CPU
		{0193BC35-9992-4995-9072-5D6ABD7E228C}.Release|x86.ActiveCfg = Release|Any CPU
		{FA168320-1550-4F0A-8902-DB3E9CCA1908}.Debug|Any CPU.ActiveCfg = Debug|Any CPU
		{FA168320-1550-4F0A-8902-DB3E9CCA1908}.Debug|Any CPU.Build.0 = Debug|Any CPU
		{FA168320-1550-4F0A-8902-DB3E9CCA1908}.Debug|Any CPU.Deploy.0 = Debug|Any CPU
		{FA168320-1550-4F0A-8902-DB3E9CCA1908}.Debug|Mixed Platforms.ActiveCfg = Debug|Any CPU
		{FA168320-1550-4F0A-8902-DB3E9CCA1908}.Debug|Mixed Platforms.Build.0 = Debug|Any CPU
		{FA168320-1550-4F0A-8902-DB3E9CCA1908}.Debug|Mixed Platforms.Deploy.0 = Debug|Any CPU
		{FA168320-1550-4F0A-8902-DB3E9CCA1908}.Debug|x86.ActiveCfg = Debug|Any CPU
		{FA168320-1550-4F0A-8902-DB3E9CCA1908}.Release|Any CPU.ActiveCfg = Release|Any CPU
		{FA168320-1550-4F0A-8902-DB3E9CCA1908}.Release|Any CPU.Build.0 = Release|Any CPU
		{FA168320-1550-4F0A-8902-DB3E9CCA1908}.Release|Any CPU.Deploy.0 = Release|Any CPU
		{FA168320-1550-4F0A-8902-DB3E9CCA1908}.Release|Mixed Platforms.ActiveCfg = Release|Any CPU
		{FA168320-1550-4F0A-8902-DB3E9CCA1908}.Release|Mixed Platforms.Build.0 = Release|Any CPU
		{FA168320-1550-4F0A-8902-DB3E9CCA1908}.Release|Mixed Platforms.Deploy.0 = Release|Any CPU
		{FA168320-1550-4F0A-8902-DB3E9CCA1908}.Release|x86.ActiveCfg = Release|Any CPU
		{B1D1F06A-4E95-4C27-B72E-DE8529C48E13}.Debug|Any CPU.ActiveCfg = Debug|Any CPU
		{B1D1F06A-4E95-4C27-B72E-DE8529C48E13}.Debug|Any CPU.Build.0 = Debug|Any CPU
		{B1D1F06A-4E95-4C27-B72E-DE8529C48E13}.Debug|Any CPU.Deploy.0 = Debug|Any CPU
		{B1D1F06A-4E95-4C27-B72E-DE8529C48E13}.Debug|Mixed Platforms.ActiveCfg = Debug|Any CPU
		{B1D1F06A-4E95-4C27-B72E-DE8529C48E13}.Debug|Mixed Platforms.Build.0 = Debug|Any CPU
		{B1D1F06A-4E95-4C27-B72E-DE8529C48E13}.Debug|Mixed Platforms.Deploy.0 = Debug|Any CPU
		{B1D1F06A-4E95-4C27-B72E-DE8529C48E13}.Debug|x86.ActiveCfg = Debug|Any CPU
		{B1D1F06A-4E95-4C27-B72E-DE8529C48E13}.Release|Any CPU.ActiveCfg = Release|Any CPU
		{B1D1F06A-4E95-4C27-B72E-DE8529C48E13}.Release|Any CPU.Build.0 = Release|Any CPU
		{B1D1F06A-4E95-4C27-B72E-DE8529C48E13}.Release|Any CPU.Deploy.0 = Release|Any CPU
		{B1D1F06A-4E95-4C27-B72E-DE8529C48E13}.Release|Mixed Platforms.ActiveCfg = Release|Any CPU
		{B1D1F06A-4E95-4C27-B72E-DE8529C48E13}.Release|Mixed Platforms.Build.0 = Release|Any CPU
		{B1D1F06A-4E95-4C27-B72E-DE8529C48E13}.Release|Mixed Platforms.Deploy.0 = Release|Any CPU
		{B1D1F06A-4E95-4C27-B72E-DE8529C48E13}.Release|x86.ActiveCfg = Release|Any CPU
		{3C347FEE-FF8C-41BB-ADDF-7B9504AC5061}.Debug|Any CPU.ActiveCfg = Debug|Any CPU
		{3C347FEE-FF8C-41BB-ADDF-7B9504AC5061}.Debug|Any CPU.Build.0 = Debug|Any CPU
		{3C347FEE-FF8C-41BB-ADDF-7B9504AC5061}.Debug|Any CPU.Deploy.0 = Debug|Any CPU
		{3C347FEE-FF8C-41BB-ADDF-7B9504AC5061}.Debug|Mixed Platforms.ActiveCfg = Debug|Any CPU
		{3C347FEE-FF8C-41BB-ADDF-7B9504AC5061}.Debug|Mixed Platforms.Build.0 = Debug|Any CPU
		{3C347FEE-FF8C-41BB-ADDF-7B9504AC5061}.Debug|Mixed Platforms.Deploy.0 = Debug|Any CPU
		{3C347FEE-FF8C-41BB-ADDF-7B9504AC5061}.Debug|x86.ActiveCfg = Debug|Any CPU
		{3C347FEE-FF8C-41BB-ADDF-7B9504AC5061}.Release|Any CPU.ActiveCfg = Release|Any CPU
		{3C347FEE-FF8C-41BB-ADDF-7B9504AC5061}.Release|Any CPU.Build.0 = Release|Any CPU
		{3C347FEE-FF8C-41BB-ADDF-7B9504AC5061}.Release|Any CPU.Deploy.0 = Release|Any CPU
		{3C347FEE-FF8C-41BB-ADDF-7B9504AC5061}.Release|Mixed Platforms.ActiveCfg = Release|Any CPU
		{3C347FEE-FF8C-41BB-ADDF-7B9504AC5061}.Release|Mixed Platforms.Build.0 = Release|Any CPU
		{3C347FEE-FF8C-41BB-ADDF-7B9504AC5061}.Release|Mixed Platforms.Deploy.0 = Release|Any CPU
		{3C347FEE-FF8C-41BB-ADDF-7B9504AC5061}.Release|x86.ActiveCfg = Release|Any CPU
		{9D98B9C4-72B4-4609-9BF8-E27097DE1BCB}.Debug|Any CPU.ActiveCfg = Debug|Any CPU
		{9D98B9C4-72B4-4609-9BF8-E27097DE1BCB}.Debug|Any CPU.Build.0 = Debug|Any CPU
		{9D98B9C4-72B4-4609-9BF8-E27097DE1BCB}.Debug|Any CPU.Deploy.0 = Debug|Any CPU
		{9D98B9C4-72B4-4609-9BF8-E27097DE1BCB}.Debug|Mixed Platforms.ActiveCfg = Debug|Any CPU
		{9D98B9C4-72B4-4609-9BF8-E27097DE1BCB}.Debug|Mixed Platforms.Build.0 = Debug|Any CPU
		{9D98B9C4-72B4-4609-9BF8-E27097DE1BCB}.Debug|Mixed Platforms.Deploy.0 = Debug|Any CPU
		{9D98B9C4-72B4-4609-9BF8-E27097DE1BCB}.Debug|x86.ActiveCfg = Debug|Any CPU
		{9D98B9C4-72B4-4609-9BF8-E27097DE1BCB}.Release|Any CPU.ActiveCfg = Release|Any CPU
		{9D98B9C4-72B4-4609-9BF8-E27097DE1BCB}.Release|Any CPU.Build.0 = Release|Any CPU
		{9D98B9C4-72B4-4609-9BF8-E27097DE1BCB}.Release|Any CPU.Deploy.0 = Release|Any CPU
		{9D98B9C4-72B4-4609-9BF8-E27097DE1BCB}.Release|Mixed Platforms.ActiveCfg = Release|Any CPU
		{9D98B9C4-72B4-4609-9BF8-E27097DE1BCB}.Release|Mixed Platforms.Build.0 = Release|Any CPU
		{9D98B9C4-72B4-4609-9BF8-E27097DE1BCB}.Release|Mixed Platforms.Deploy.0 = Release|Any CPU
		{9D98B9C4-72B4-4609-9BF8-E27097DE1BCB}.Release|x86.ActiveCfg = Release|Any CPU
		{819E46FA-34B9-4587-ABFA-48EAD6556104}.Debug|Any CPU.ActiveCfg = Debug|x86
		{819E46FA-34B9-4587-ABFA-48EAD6556104}.Debug|Mixed Platforms.ActiveCfg = Debug|x86
		{819E46FA-34B9-4587-ABFA-48EAD6556104}.Debug|Mixed Platforms.Build.0 = Debug|x86
		{819E46FA-34B9-4587-ABFA-48EAD6556104}.Debug|x86.ActiveCfg = Debug|x86
		{819E46FA-34B9-4587-ABFA-48EAD6556104}.Debug|x86.Build.0 = Debug|x86
		{819E46FA-34B9-4587-ABFA-48EAD6556104}.Release|Any CPU.ActiveCfg = Release|x86
		{819E46FA-34B9-4587-ABFA-48EAD6556104}.Release|Mixed Platforms.ActiveCfg = Release|x86
		{819E46FA-34B9-4587-ABFA-48EAD6556104}.Release|Mixed Platforms.Build.0 = Release|x86
		{819E46FA-34B9-4587-ABFA-48EAD6556104}.Release|x86.ActiveCfg = Release|x86
		{819E46FA-34B9-4587-ABFA-48EAD6556104}.Release|x86.Build.0 = Release|x86
		{4B64074F-F4B0-4FA4-B57E-8AAE1C95B1CD}.Debug|Any CPU.ActiveCfg = Debug|Any CPU
		{4B64074F-F4B0-4FA4-B57E-8AAE1C95B1CD}.Debug|Any CPU.Build.0 = Debug|Any CPU
		{4B64074F-F4B0-4FA4-B57E-8AAE1C95B1CD}.Debug|Any CPU.Deploy.0 = Debug|Any CPU
		{4B64074F-F4B0-4FA4-B57E-8AAE1C95B1CD}.Debug|Mixed Platforms.ActiveCfg = Debug|Any CPU
		{4B64074F-F4B0-4FA4-B57E-8AAE1C95B1CD}.Debug|Mixed Platforms.Build.0 = Debug|Any CPU
		{4B64074F-F4B0-4FA4-B57E-8AAE1C95B1CD}.Debug|Mixed Platforms.Deploy.0 = Debug|Any CPU
		{4B64074F-F4B0-4FA4-B57E-8AAE1C95B1CD}.Debug|x86.ActiveCfg = Debug|Any CPU
		{4B64074F-F4B0-4FA4-B57E-8AAE1C95B1CD}.Release|Any CPU.ActiveCfg = Release|Any CPU
		{4B64074F-F4B0-4FA4-B57E-8AAE1C95B1CD}.Release|Any CPU.Build.0 = Release|Any CPU
		{4B64074F-F4B0-4FA4-B57E-8AAE1C95B1CD}.Release|Any CPU.Deploy.0 = Release|Any CPU
		{4B64074F-F4B0-4FA4-B57E-8AAE1C95B1CD}.Release|Mixed Platforms.ActiveCfg = Release|Any CPU
		{4B64074F-F4B0-4FA4-B57E-8AAE1C95B1CD}.Release|Mixed Platforms.Build.0 = Release|Any CPU
		{4B64074F-F4B0-4FA4-B57E-8AAE1C95B1CD}.Release|Mixed Platforms.Deploy.0 = Release|Any CPU
		{4B64074F-F4B0-4FA4-B57E-8AAE1C95B1CD}.Release|x86.ActiveCfg = Release|Any CPU
		{1ED00FA9-4572-472E-A042-28CE61869336}.Debug|Any CPU.ActiveCfg = Debug|Any CPU
		{1ED00FA9-4572-472E-A042-28CE61869336}.Debug|Any CPU.Build.0 = Debug|Any CPU
		{1ED00FA9-4572-472E-A042-28CE61869336}.Debug|Any CPU.Deploy.0 = Debug|Any CPU
		{1ED00FA9-4572-472E-A042-28CE61869336}.Debug|Mixed Platforms.ActiveCfg = Debug|Any CPU
		{1ED00FA9-4572-472E-A042-28CE61869336}.Debug|Mixed Platforms.Build.0 = Debug|Any CPU
		{1ED00FA9-4572-472E-A042-28CE61869336}.Debug|Mixed Platforms.Deploy.0 = Debug|Any CPU
		{1ED00FA9-4572-472E-A042-28CE61869336}.Debug|x86.ActiveCfg = Debug|Any CPU
		{1ED00FA9-4572-472E-A042-28CE61869336}.Release|Any CPU.ActiveCfg = Release|Any CPU
		{1ED00FA9-4572-472E-A042-28CE61869336}.Release|Any CPU.Build.0 = Release|Any CPU
		{1ED00FA9-4572-472E-A042-28CE61869336}.Release|Any CPU.Deploy.0 = Release|Any CPU
		{1ED00FA9-4572-472E-A042-28CE61869336}.Release|Mixed Platforms.ActiveCfg = Release|Any CPU
		{1ED00FA9-4572-472E-A042-28CE61869336}.Release|Mixed Platforms.Build.0 = Release|Any CPU
		{1ED00FA9-4572-472E-A042-28CE61869336}.Release|Mixed Platforms.Deploy.0 = Release|Any CPU
		{1ED00FA9-4572-472E-A042-28CE61869336}.Release|x86.ActiveCfg = Release|Any CPU
	EndGlobalSection
	GlobalSection(SolutionProperties) = preSolution
		HideSolutionNode = FALSE
	EndGlobalSection
	GlobalSection(NestedProjects) = preSolution
		{DE21F100-B3E1-45A1-9E54-4E3AB373E691} = {B2054B82-1233-462B-85A8-CE25025544DB}
		{E438B04C-354E-4784-A7C1-7AE8222362A8} = {B2054B82-1233-462B-85A8-CE25025544DB}
		{97A9F610-CBBE-4C2F-A0EA-21F3F79D656B} = {B2054B82-1233-462B-85A8-CE25025544DB}
		{F10FD9A7-15F8-4707-BC9E-8D4793C1EA78} = {B2054B82-1233-462B-85A8-CE25025544DB}
		{8BBE5C74-92F0-46B6-8D2C-3E869B78AF69} = {B2054B82-1233-462B-85A8-CE25025544DB}
		{3C347FEE-FF8C-41BB-ADDF-7B9504AC5061} = {3A66125A-E36F-4280-8F8B-79C5227892FF}
		{9D98B9C4-72B4-4609-9BF8-E27097DE1BCB} = {3A66125A-E36F-4280-8F8B-79C5227892FF}
		{819E46FA-34B9-4587-ABFA-48EAD6556104} = {3A66125A-E36F-4280-8F8B-79C5227892FF}
		{4B64074F-F4B0-4FA4-B57E-8AAE1C95B1CD} = {3A66125A-E36F-4280-8F8B-79C5227892FF}
		{1ED00FA9-4572-472E-A042-28CE61869336} = {F392FAC8-F470-47AA-9408-9A8CA7E6BCD0}
		{AA1ACD28-2961-4A3F-BDB7-4D4DE6BDE3D9} = {DBED9FB7-4880-4B9D-B779-DFB1091AFE0E}
		{FA168320-1550-4F0A-8902-DB3E9CCA1908} = {AB4A795F-8DBB-4E0E-B2D5-38DF7610303D}
		{B1D1F06A-4E95-4C27-B72E-DE8529C48E13} = {AB4A795F-8DBB-4E0E-B2D5-38DF7610303D}
		{EDD2C433-88E9-413B-B94C-BA1DEE07BC48} = {2FEA89D3-0F93-42D1-9139-F64841CD49B3}
		{F821C08A-C99B-44BF-B914-EC7D723D63F5} = {2FEA89D3-0F93-42D1-9139-F64841CD49B3}
		{1DFBC954-CD61-4E8D-9E94-2A372A031F6A} = {259C686A-B60E-45E5-9EA2-D43A64970D75}
		{52734A74-E73B-498F-951E-36C801B82B0D} = {259C686A-B60E-45E5-9EA2-D43A64970D75}
		{0193BC35-9992-4995-9072-5D6ABD7E228C} = {259C686A-B60E-45E5-9EA2-D43A64970D75}
	EndGlobalSection
EndGlobal
