
Microsoft Visual Studio Solution File, Format Version 11.00
# Visual Studio 2010
Project("{00D1A9C2-B5F0-4AF3-8072-F6C62B433612}") = "Median", "Median\Median.sqlproj", "{F10FD9A7-15F8-4707-BC9E-8D4793C1EA78}"
EndProject
Project("{00D1A9C2-B5F0-4AF3-8072-F6C62B433612}") = "VowelCount", "VowelCount\VowelCount.sqlproj", "{4B64074F-F4B0-4FA4-B57E-8AAE1C95B1CD}"
EndProject
Project("{00D1A9C2-B5F0-4AF3-8072-F6C62B433612}") = "BarCodeParser", "BarCodeParser\BarCodeParser.sqlproj", "{3C347FEE-FF8C-41BB-ADDF-7B9504AC5061}"
EndProject
Project("{00D1A9C2-B5F0-4AF3-8072-F6C62B433612}") = "BitCount", "BitCount\BitCount.sqlproj", "{EDD2C433-88E9-413B-B94C-BA1DEE07BC48}"
EndProject
Project("{2150E333-8FDC-42A3-9474-1A3956D46DE8}") = "Aggregates", "Aggregates", "{0A59C8B1-1295-454B-9B25-02E7875DDA4C}"
EndProject
Project("{2150E333-8FDC-42A3-9474-1A3956D46DE8}") = "User-defined Functions", "User-defined Functions", "{4FCC95FE-63D0-4B95-B698-D0C85959BE6D}"
EndProject
Project("{2150E333-8FDC-42A3-9474-1A3956D46DE8}") = "Triggers", "Triggers", "{EBED38B8-F5CA-4B50-9BD2-E0EDCCA63837}"
EndProject
Project("{2150E333-8FDC-42A3-9474-1A3956D46DE8}") = "Stored Procedures", "Stored Procedures", "{74F55521-52B3-461D-9533-92F632B3080C}"
EndProject
Project("{2150E333-8FDC-42A3-9474-1A3956D46DE8}") = "User-defined Types", "User-defined Types", "{F877CF45-0A48-4429-91FB-30C5BA8F3716}"
EndProject
Project("{00D1A9C2-B5F0-4AF3-8072-F6C62B433612}") = "InsertCurrency_CS", "InsertCurrency_CS\InsertCurrency_CS.sqlproj", "{B1D1F06A-4E95-4C27-B72E-DE8529C48E13}"
EndProject
Project("{00D1A9C2-B5F0-4AF3-8072-F6C62B433612}") = "UserNameAudit", "UserNameAudit\UserNameAudit.sqlproj", "{52734A74-E73B-498F-951E-36C801B82B0D}"
EndProject
Project("{00D1A9C2-B5F0-4AF3-8072-F6C62B433612}") = "HelloWorld", "HelloWorld\HelloWorld.sqlproj", "{1DFBC954-CD61-4E8D-9E94-2A372A031F6A}"
EndProject
Project("{00D1A9C2-B5F0-4AF3-8072-F6C62B433612}") = "addTax", "addTax\addTax.sqlproj", "{FA168320-1550-4F0A-8902-DB3E9CCA1908}"
EndProject
Project("{00D1A9C2-B5F0-4AF3-8072-F6C62B433612}") = "SalesAudit", "SalesAudit\SalesAudit.sqlproj", "{0193BC35-9992-4995-9072-5D6ABD7E228C}"
EndProject
Project("{00D1A9C2-B5F0-4AF3-8072-F6C62B433612}") = "Point", "Point\Point.sqlproj", "{8BBE5C74-92F0-46B6-8D2C-3E869B78AF69}"
EndProject
Global
	GlobalSection(SolutionConfigurationPlatforms) = preSolution
		Debug|Any CPU = Debug|Any CPU
		Debug|Mixed Platforms = Debug|Mixed Platforms
		Debug|x86 = Debug|x86
		Release|Any CPU = Release|Any CPU
		Release|Mixed Platforms = Release|Mixed Platforms
		Release|x86 = Release|x86
	EndGlobalSection
	GlobalSection(ProjectConfigurationPlatforms) = postSolution
		{F10FD9A7-15F8-4707-BC9E-8D4793C1EA78}.Debug|Any CPU.ActiveCfg = Debug|Any CPU
		{F10FD9A7-15F8-4707-BC9E-8D4793C1EA78}.Debug|Any CPU.Build.0 = Debug|Any CPU
		{F10FD9A7-15F8-4707-BC9E-8D4793C1EA78}.Debug|Any CPU.Deploy.0 = Debug|Any CPU
		{F10FD9A7-15F8-4707-BC9E-8D4793C1EA78}.Debug|Mixed Platforms.ActiveCfg = Debug|Any CPU
		{F10FD9A7-15F8-4707-BC9E-8D4793C1EA78}.Debug|Mixed Platforms.Build.0 = Debug|Any CPU
		{F10FD9A7-15F8-4707-BC9E-8D4793C1EA78}.Debug|Mixed Platforms.Deploy.0 = Debug|Any CPU
		{F10FD9A7-15F8-4707-BC9E-8D4793C1EA78}.Debug|x86.ActiveCfg = Debug|Any CPU
		{F10FD9A7-15F8-4707-BC9E-8D4793C1EA78}.Release|Any CPU.ActiveCfg = Release|Any CPU
		{F10FD9A7-15F8-4707-BC9E-8D4793C1EA78}.Release|Any CPU.Build.0 = Release|Any CPU
		{F10FD9A7-15F8-4707-BC9E-8D4793C1EA78}.Release|Any CPU.Deploy.0 = Release|Any CPU
		{F10FD9A7-15F8-4707-BC9E-8D4793C1EA78}.Release|Mixed Platforms.ActiveCfg = Release|Any CPU
		{F10FD9A7-15F8-4707-BC9E-8D4793C1EA78}.Release|Mixed Platforms.Build.0 = Release|Any CPU
		{F10FD9A7-15F8-4707-BC9E-8D4793C1EA78}.Release|Mixed Platforms.Deploy.0 = Release|Any CPU
		{F10FD9A7-15F8-4707-BC9E-8D4793C1EA78}.Release|x86.ActiveCfg = Release|Any CPU
		{4B64074F-F4B0-4FA4-B57E-8AAE1C95B1CD}.Debug|Any CPU.ActiveCfg = Debug|Any CPU
		{4B64074F-F4B0-4FA4-B57E-8AAE1C95B1CD}.Debug|Any CPU.Build.0 = Debug|Any CPU
		{4B64074F-F4B0-4FA4-B57E-8AAE1C95B1CD}.Debug|Any CPU.Deploy.0 = Debug|Any CPU
		{4B64074F-F4B0-4FA4-B57E-8AAE1C95B1CD}.Debug|Mixed Platforms.ActiveCfg = Debug|Any CPU
		{4B64074F-F4B0-4FA4-B57E-8AAE1C95B1CD}.Debug|Mixed Platforms.Build.0 = Debug|Any CPU
		{4B64074F-F4B0-4FA4-B57E-8AAE1C95B1CD}.Debug|Mixed Platforms.Deploy.0 = Debug|Any CPU
		{4B64074F-F4B0-4FA4-B57E-8AAE1C95B1CD}.Debug|x86.ActiveCfg = Debug|Any CPU
		{4B64074F-F4B0-4FA4-B57E-8AAE1C95B1CD}.Release|Any CPU.ActiveCfg = Release|Any CPU
		{4B64074F-F4B0-4FA4-B57E-8AAE1C95B1CD}.Release|Any CPU.Build.0 = Release|Any CPU
		{4B64074F-F4B0-4FA4-B57E-8AAE1C95B1CD}.Release|Any CPU.Deploy.0 = Release|Any CPU
		{4B64074F-F4B0-4FA4-B57E-8AAE1C95B1CD}.Release|Mixed Platforms.ActiveCfg = Release|Any CPU
		{4B64074F-F4B0-4FA4-B57E-8AAE1C95B1CD}.Release|Mixed Platforms.Build.0 = Release|Any CPU
		{4B64074F-F4B0-4FA4-B57E-8AAE1C95B1CD}.Release|Mixed Platforms.Deploy.0 = Release|Any CPU
		{4B64074F-F4B0-4FA4-B57E-8AAE1C95B1CD}.Release|x86.ActiveCfg = Release|Any CPU
		{3C347FEE-FF8C-41BB-ADDF-7B9504AC5061}.Debug|Any CPU.ActiveCfg = Debug|Any CPU
		{3C347FEE-FF8C-41BB-ADDF-7B9504AC5061}.Debug|Any CPU.Build.0 = Debug|Any CPU
		{3C347FEE-FF8C-41BB-ADDF-7B9504AC5061}.Debug|Any CPU.Deploy.0 = Debug|Any CPU
		{3C347FEE-FF8C-41BB-ADDF-7B9504AC5061}.Debug|Mixed Platforms.ActiveCfg = Debug|Any CPU
		{3C347FEE-FF8C-41BB-ADDF-7B9504AC5061}.Debug|Mixed Platforms.Build.0 = Debug|Any CPU
		{3C347FEE-FF8C-41BB-ADDF-7B9504AC5061}.Debug|Mixed Platforms.Deploy.0 = Debug|Any CPU
		{3C347FEE-FF8C-41BB-ADDF-7B9504AC5061}.Debug|x86.ActiveCfg = Debug|Any CPU
		{3C347FEE-FF8C-41BB-ADDF-7B9504AC5061}.Release|Any CPU.ActiveCfg = Release|Any CPU
		{3C347FEE-FF8C-41BB-ADDF-7B9504AC5061}.Release|Any CPU.Build.0 = Release|Any CPU
		{3C347FEE-FF8C-41BB-ADDF-7B9504AC5061}.Release|Any CPU.Deploy.0 = Release|Any CPU
		{3C347FEE-FF8C-41BB-ADDF-7B9504AC5061}.Release|Mixed Platforms.ActiveCfg = Release|Any CPU
		{3C347FEE-FF8C-41BB-ADDF-7B9504AC5061}.Release|Mixed Platforms.Build.0 = Release|Any CPU
		{3C347FEE-FF8C-41BB-ADDF-7B9504AC5061}.Release|Mixed Platforms.Deploy.0 = Release|Any CPU
		{3C347FEE-FF8C-41BB-ADDF-7B9504AC5061}.Release|x86.ActiveCfg = Release|Any CPU
		{EDD2C433-88E9-413B-B94C-BA1DEE07BC48}.Debug|Any CPU.ActiveCfg = Debug|Any CPU
		{EDD2C433-88E9-413B-B94C-BA1DEE07BC48}.Debug|Any CPU.Build.0 = Debug|Any CPU
		{EDD2C433-88E9-413B-B94C-BA1DEE07BC48}.Debug|Any CPU.Deploy.0 = Debug|Any CPU
		{EDD2C433-88E9-413B-B94C-BA1DEE07BC48}.Debug|Mixed Platforms.ActiveCfg = Debug|Any CPU
		{EDD2C433-88E9-413B-B94C-BA1DEE07BC48}.Debug|Mixed Platforms.Build.0 = Debug|Any CPU
		{EDD2C433-88E9-413B-B94C-BA1DEE07BC48}.Debug|Mixed Platforms.Deploy.0 = Debug|Any CPU
		{EDD2C433-88E9-413B-B94C-BA1DEE07BC48}.Debug|x86.ActiveCfg = Debug|Any CPU
		{EDD2C433-88E9-413B-B94C-BA1DEE07BC48}.Release|Any CPU.ActiveCfg = Release|Any CPU
		{EDD2C433-88E9-413B-B94C-BA1DEE07BC48}.Release|Any CPU.Build.0 = Release|Any CPU
		{EDD2C433-88E9-413B-B94C-BA1DEE07BC48}.Release|Any CPU.Deploy.0 = Release|Any CPU
		{EDD2C433-88E9-413B-B94C-BA1DEE07BC48}.Release|Mixed Platforms.ActiveCfg = Release|Any CPU
		{EDD2C433-88E9-413B-B94C-BA1DEE07BC48}.Release|Mixed Platforms.Build.0 = Release|Any CPU
		{EDD2C433-88E9-413B-B94C-BA1DEE07BC48}.Release|Mixed Platforms.Deploy.0 = Release|Any CPU
		{EDD2C433-88E9-413B-B94C-BA1DEE07BC48}.Release|x86.ActiveCfg = Release|Any CPU
		{B1D1F06A-4E95-4C27-B72E-DE8529C48E13}.Debug|Any CPU.ActiveCfg = Debug|Any CPU
		{B1D1F06A-4E95-4C27-B72E-DE8529C48E13}.Debug|Any CPU.Build.0 = Debug|Any CPU
		{B1D1F06A-4E95-4C27-B72E-DE8529C48E13}.Debug|Any CPU.Deploy.0 = Debug|Any CPU
		{B1D1F06A-4E95-4C27-B72E-DE8529C48E13}.Debug|Mixed Platforms.ActiveCfg = Debug|Any CPU
		{B1D1F06A-4E95-4C27-B72E-DE8529C48E13}.Debug|Mixed Platforms.Build.0 = Debug|Any CPU
		{B1D1F06A-4E95-4C27-B72E-DE8529C48E13}.Debug|Mixed Platforms.Deploy.0 = Debug|Any CPU
		{B1D1F06A-4E95-4C27-B72E-DE8529C48E13}.Debug|x86.ActiveCfg = Debug|Any CPU
		{B1D1F06A-4E95-4C27-B72E-DE8529C48E13}.Release|Any CPU.ActiveCfg = Release|Any CPU
		{B1D1F06A-4E95-4C27-B72E-DE8529C48E13}.Release|Any CPU.Build.0 = Release|Any CPU
		{B1D1F06A-4E95-4C27-B72E-DE8529C48E13}.Release|Any CPU.Deploy.0 = Release|Any CPU
		{B1D1F06A-4E95-4C27-B72E-DE8529C48E13}.Release|Mixed Platforms.ActiveCfg = Release|Any CPU
		{B1D1F06A-4E95-4C27-B72E-DE8529C48E13}.Release|Mixed Platforms.Build.0 = Release|Any CPU
		{B1D1F06A-4E95-4C27-B72E-DE8529C48E13}.Release|Mixed Platforms.Deploy.0 = Release|Any CPU
		{B1D1F06A-4E95-4C27-B72E-DE8529C48E13}.Release|x86.ActiveCfg = Release|Any CPU
		{52734A74-E73B-498F-951E-36C801B82B0D}.Debug|Any CPU.ActiveCfg = Debug|Any CPU
		{52734A74-E73B-498F-951E-36C801B82B0D}.Debug|Any CPU.Build.0 = Debug|Any CPU
		{52734A74-E73B-498F-951E-36C801B82B0D}.Debug|Any CPU.Deploy.0 = Debug|Any CPU
		{52734A74-E73B-498F-951E-36C801B82B0D}.Debug|Mixed Platforms.ActiveCfg = Debug|Any CPU
		{52734A74-E73B-498F-951E-36C801B82B0D}.Debug|Mixed Platforms.Build.0 = Debug|Any CPU
		{52734A74-E73B-498F-951E-36C801B82B0D}.Debug|Mixed Platforms.Deploy.0 = Debug|Any CPU
		{52734A74-E73B-498F-951E-36C801B82B0D}.Debug|x86.ActiveCfg = Debug|Any CPU
		{52734A74-E73B-498F-951E-36C801B82B0D}.Release|Any CPU.ActiveCfg = Release|Any CPU
		{52734A74-E73B-498F-951E-36C801B82B0D}.Release|Any CPU.Build.0 = Release|Any CPU
		{52734A74-E73B-498F-951E-36C801B82B0D}.Release|Any CPU.Deploy.0 = Release|Any CPU
		{52734A74-E73B-498F-951E-36C801B82B0D}.Release|Mixed Platforms.ActiveCfg = Release|Any CPU
		{52734A74-E73B-498F-951E-36C801B82B0D}.Release|Mixed Platforms.Build.0 = Release|Any CPU
		{52734A74-E73B-498F-951E-36C801B82B0D}.Release|Mixed Platforms.Deploy.0 = Release|Any CPU
		{52734A74-E73B-498F-951E-36C801B82B0D}.Release|x86.ActiveCfg = Release|Any CPU
		{1DFBC954-CD61-4E8D-9E94-2A372A031F6A}.Debug|Any CPU.ActiveCfg = Debug|Any CPU
		{1DFBC954-CD61-4E8D-9E94-2A372A031F6A}.Debug|Any CPU.Build.0 = Debug|Any CPU
		{1DFBC954-CD61-4E8D-9E94-2A372A031F6A}.Debug|Any CPU.Deploy.0 = Debug|Any CPU
		{1DFBC954-CD61-4E8D-9E94-2A372A031F6A}.Debug|Mixed Platforms.ActiveCfg = Debug|Any CPU
		{1DFBC954-CD61-4E8D-9E94-2A372A031F6A}.Debug|Mixed Platforms.Build.0 = Debug|Any CPU
		{1DFBC954-CD61-4E8D-9E94-2A372A031F6A}.Debug|Mixed Platforms.Deploy.0 = Debug|Any CPU
		{1DFBC954-CD61-4E8D-9E94-2A372A031F6A}.Debug|x86.ActiveCfg = Debug|Any CPU
		{1DFBC954-CD61-4E8D-9E94-2A372A031F6A}.Release|Any CPU.ActiveCfg = Release|Any CPU
		{1DFBC954-CD61-4E8D-9E94-2A372A031F6A}.Release|Any CPU.Build.0 = Release|Any CPU
		{1DFBC954-CD61-4E8D-9E94-2A372A031F6A}.Release|Any CPU.Deploy.0 = Release|Any CPU
		{1DFBC954-CD61-4E8D-9E94-2A372A031F6A}.Release|Mixed Platforms.ActiveCfg = Release|Any CPU
		{1DFBC954-CD61-4E8D-9E94-2A372A031F6A}.Release|Mixed Platforms.Build.0 = Release|Any CPU
		{1DFBC954-CD61-4E8D-9E94-2A372A031F6A}.Release|Mixed Platforms.Deploy.0 = Release|Any CPU
		{1DFBC954-CD61-4E8D-9E94-2A372A031F6A}.Release|x86.ActiveCfg = Release|Any CPU
		{FA168320-1550-4F0A-8902-DB3E9CCA1908}.Debug|Any CPU.ActiveCfg = Debug|Any CPU
		{FA168320-1550-4F0A-8902-DB3E9CCA1908}.Debug|Any CPU.Build.0 = Debug|Any CPU
		{FA168320-1550-4F0A-8902-DB3E9CCA1908}.Debug|Any CPU.Deploy.0 = Debug|Any CPU
		{FA168320-1550-4F0A-8902-DB3E9CCA1908}.Debug|Mixed Platforms.ActiveCfg = Debug|Any CPU
		{FA168320-1550-4F0A-8902-DB3E9CCA1908}.Debug|Mixed Platforms.Build.0 = Debug|Any CPU
		{FA168320-1550-4F0A-8902-DB3E9CCA1908}.Debug|Mixed Platforms.Deploy.0 = Debug|Any CPU
		{FA168320-1550-4F0A-8902-DB3E9CCA1908}.Debug|x86.ActiveCfg = Debug|Any CPU
		{FA168320-1550-4F0A-8902-DB3E9CCA1908}.Release|Any CPU.ActiveCfg = Release|Any CPU
		{FA168320-1550-4F0A-8902-DB3E9CCA1908}.Release|Any CPU.Build.0 = Release|Any CPU
		{FA168320-1550-4F0A-8902-DB3E9CCA1908}.Release|Any CPU.Deploy.0 = Release|Any CPU
		{FA168320-1550-4F0A-8902-DB3E9CCA1908}.Release|Mixed Platforms.ActiveCfg = Release|Any CPU
		{FA168320-1550-4F0A-8902-DB3E9CCA1908}.Release|Mixed Platforms.Build.0 = Release|Any CPU
		{FA168320-1550-4F0A-8902-DB3E9CCA1908}.Release|Mixed Platforms.Deploy.0 = Release|Any CPU
		{FA168320-1550-4F0A-8902-DB3E9CCA1908}.Release|x86.ActiveCfg = Release|Any CPU
		{0193BC35-9992-4995-9072-5D6ABD7E228C}.Debug|Any CPU.ActiveCfg = Debug|Any CPU
		{0193BC35-9992-4995-9072-5D6ABD7E228C}.Debug|Any CPU.Build.0 = Debug|Any CPU
		{0193BC35-9992-4995-9072-5D6ABD7E228C}.Debug|Any CPU.Deploy.0 = Debug|Any CPU
		{0193BC35-9992-4995-9072-5D6ABD7E228C}.Debug|Mixed Platforms.ActiveCfg = Debug|Any CPU
		{0193BC35-9992-4995-9072-5D6ABD7E228C}.Debug|Mixed Platforms.Build.0 = Debug|Any CPU
		{0193BC35-9992-4995-9072-5D6ABD7E228C}.Debug|Mixed Platforms.Deploy.0 = Debug|Any CPU
		{0193BC35-9992-4995-9072-5D6ABD7E228C}.Debug|x86.ActiveCfg = Debug|Any CPU
		{0193BC35-9992-4995-9072-5D6ABD7E228C}.Release|Any CPU.ActiveCfg = Release|Any CPU
		{0193BC35-9992-4995-9072-5D6ABD7E228C}.Release|Any CPU.Build.0 = Release|Any CPU
		{0193BC35-9992-4995-9072-5D6ABD7E228C}.Release|Any CPU.Deploy.0 = Release|Any CPU
		{0193BC35-9992-4995-9072-5D6ABD7E228C}.Release|Mixed Platforms.ActiveCfg = Release|Any CPU
		{0193BC35-9992-4995-9072-5D6ABD7E228C}.Release|Mixed Platforms.Build.0 = Release|Any CPU
		{0193BC35-9992-4995-9072-5D6ABD7E228C}.Release|Mixed Platforms.Deploy.0 = Release|Any CPU
		{0193BC35-9992-4995-9072-5D6ABD7E228C}.Release|x86.ActiveCfg = Release|Any CPU
		{8BBE5C74-92F0-46B6-8D2C-3E869B78AF69}.Debug|Any CPU.ActiveCfg = Debug|Any CPU
		{8BBE5C74-92F0-46B6-8D2C-3E869B78AF69}.Debug|Any CPU.Build.0 = Debug|Any CPU
		{8BBE5C74-92F0-46B6-8D2C-3E869B78AF69}.Debug|Any CPU.Deploy.0 = Debug|Any CPU
		{8BBE5C74-92F0-46B6-8D2C-3E869B78AF69}.Debug|Mixed Platforms.ActiveCfg = Debug|Any CPU
		{8BBE5C74-92F0-46B6-8D2C-3E869B78AF69}.Debug|Mixed Platforms.Build.0 = Debug|Any CPU
		{8BBE5C74-92F0-46B6-8D2C-3E869B78AF69}.Debug|Mixed Platforms.Deploy.0 = Debug|Any CPU
		{8BBE5C74-92F0-46B6-8D2C-3E869B78AF69}.Debug|x86.ActiveCfg = Debug|Any CPU
		{8BBE5C74-92F0-46B6-8D2C-3E869B78AF69}.Release|Any CPU.ActiveCfg = Release|Any CPU
		{8BBE5C74-92F0-46B6-8D2C-3E869B78AF69}.Release|Any CPU.Build.0 = Release|Any CPU
		{8BBE5C74-92F0-46B6-8D2C-3E869B78AF69}.Release|Any CPU.Deploy.0 = Release|Any CPU
		{8BBE5C74-92F0-46B6-8D2C-3E869B78AF69}.Release|Mixed Platforms.ActiveCfg = Release|Any CPU
		{8BBE5C74-92F0-46B6-8D2C-3E869B78AF69}.Release|Mixed Platforms.Build.0 = Release|Any CPU
		{8BBE5C74-92F0-46B6-8D2C-3E869B78AF69}.Release|Mixed Platforms.Deploy.0 = Release|Any CPU
		{8BBE5C74-92F0-46B6-8D2C-3E869B78AF69}.Release|x86.ActiveCfg = Release|Any CPU
	EndGlobalSection
	GlobalSection(SolutionProperties) = preSolution
		HideSolutionNode = FALSE
	EndGlobalSection
	GlobalSection(NestedProjects) = preSolution
		{4B64074F-F4B0-4FA4-B57E-8AAE1C95B1CD} = {0A59C8B1-1295-454B-9B25-02E7875DDA4C}
		{F10FD9A7-15F8-4707-BC9E-8D4793C1EA78} = {0A59C8B1-1295-454B-9B25-02E7875DDA4C}
		{EDD2C433-88E9-413B-B94C-BA1DEE07BC48} = {4FCC95FE-63D0-4B95-B698-D0C85959BE6D}
		{3C347FEE-FF8C-41BB-ADDF-7B9504AC5061} = {4FCC95FE-63D0-4B95-B698-D0C85959BE6D}
		{FA168320-1550-4F0A-8902-DB3E9CCA1908} = {4FCC95FE-63D0-4B95-B698-D0C85959BE6D}
		{FA168320-1550-4F0A-8902-DB3E9CCA1908} = {4FCC95FE-63D0-4B95-B698-D0C85959BE6D}
		{52734A74-E73B-498F-951E-36C801B82B0D} = {EBED38B8-F5CA-4B50-9BD2-E0EDCCA63837}
		{0193BC35-9992-4995-9072-5D6ABD7E228C} = {EBED38B8-F5CA-4B50-9BD2-E0EDCCA63837}
		{0193BC35-9992-4995-9072-5D6ABD7E228C} = {EBED38B8-F5CA-4B50-9BD2-E0EDCCA63837}
		{B1D1F06A-4E95-4C27-B72E-DE8529C48E13} = {74F55521-52B3-461D-9533-92F632B3080C}
		{1DFBC954-CD61-4E8D-9E94-2A372A031F6A} = {74F55521-52B3-461D-9533-92F632B3080C}
		{1DFBC954-CD61-4E8D-9E94-2A372A031F6A} = {74F55521-52B3-461D-9533-92F632B3080C}
		{8BBE5C74-92F0-46B6-8D2C-3E869B78AF69} = {F877CF45-0A48-4429-91FB-30C5BA8F3716}
		{8BBE5C74-92F0-46B6-8D2C-3E869B78AF69} = {F877CF45-0A48-4429-91FB-30C5BA8F3716}
		{8BBE5C74-92F0-46B6-8D2C-3E869B78AF69} = {F877CF45-0A48-4429-91FB-30C5BA8F3716}
	EndGlobalSection
EndGlobal
